
Microsoft Visual Studio Solution File, Format Version 12.00
# Visual Studio 15
VisualStudioVersion = 15.0.28307.1705
MinimumVisualStudioVersion = 10.0.40219.1
Project("{159641D6-6404-4A2A-AE62-294DE0FE8301}") = "Test-1", "Task-1\Test-1.dtproj", "{5CD6EF32-3DD5-48EA-B882-7F5B7DE91086}"
EndProject
Global
	GlobalSection(SolutionConfigurationPlatforms) = preSolution
		Development|Default = Development|Default
	EndGlobalSection
	GlobalSection(ProjectConfigurationPlatforms) = postSolution
		{5CD6EF32-3DD5-48EA-B882-7F5B7DE91086}.Development|Default.ActiveCfg = Development
		{5CD6EF32-3DD5-48EA-B882-7F5B7DE91086}.Development|Default.Build.0 = Development
	EndGlobalSection
	GlobalSection(SolutionProperties) = preSolution
		HideSolutionNode = FALSE
	EndGlobalSection
	GlobalSection(ExtensibilityGlobals) = postSolution
		SolutionGuid = {557A7CEE-593D-4884-8A5B-72E25BEBB73F}
	EndGlobalSection
EndGlobal
